
Microsoft Visual Studio Solution File, Format Version 12.00
# Visual Studio Version 17
VisualStudioVersion = 17.14.36511.14 d17.14
MinimumVisualStudioVersion = 10.0.40219.1
Project("{FAE04EC0-301F-11D3-BF4B-00C04F79EFBC}") = "Tyuiu.AroyanAV.Sprint1.Task0.V24", "Tyuiu.AroyanAV.Sprint1.Task0.V24\Tyuiu.AroyanAV.Sprint1.Task0.V24.csproj", "{CBD3DA1A-8BAA-4390-B770-936D2C53E5F2}"
EndProject
Project("{2150E333-8FDC-42A3-9474-1A3956D46DE8}") = "Task0", "Task0", "{02EA681E-C7D8-13C7-8484-4AC65E1B71E8}"
EndProject
Project("{FAE04EC0-301F-11D3-BF4B-00C04F79EFBC}") = "Tyuiu.AroyanAV.Sprint1.Task0.V24.Lib", "Tyuiu.AroyanAV.Sprint1.Task0.V24.Lib\Tyuiu.AroyanAV.Sprint1.Task0.V24.Lib.csproj", "{314D225E-9158-416E-AE81-D0322C7F398F}"
EndProject
Project("{FAE04EC0-301F-11D3-BF4B-00C04F79EFBC}") = "Tyuiu.AroyanAV.Sprint1.Task0.V24.Test", "Tyuiu.AroyanAV.Sprint1.Task0.V24.Test\Tyuiu.AroyanAV.Sprint1.Task0.V24.Test.csproj", "{11CFDD51-2502-4CB0-B259-274524931A8C}"
EndProject
Project("{2150E333-8FDC-42A3-9474-1A3956D46DE8}") = "Task1", "Task1", "{A4FBC889-5DB9-476C-B93A-A405B3B6F040}"
EndProject
Project("{FAE04EC0-301F-11D3-BF4B-00C04F79EFBC}") = "Tyuiu.AroyanAV.Sprint1.Task1.V1", "Tyuiu.AroyanAV.Sprint1.Task1.V1\Tyuiu.AroyanAV.Sprint1.Task1.V1.csproj", "{02796455-0743-4D33-B0C0-C230C0FB60D6}"
EndProject
Project("{FAE04EC0-301F-11D3-BF4B-00C04F79EFBC}") = "Tyuiu.AroyanAV.Sprint1.Task1.V1.Lib", "Tyuiu.AroyanAV.Sprint1.Task1.V1.Lib\Tyuiu.AroyanAV.Sprint1.Task1.V1.Lib.csproj", "{1F63D4B4-3F2C-4D7F-9F4F-AC2BD76D826E}"
EndProject
Project("{FAE04EC0-301F-11D3-BF4B-00C04F79EFBC}") = "Tyuiu.AroyanAV.Sprint1.Task1.V1.Test", "Tyuiu.AroyanAV.Sprint1.Task1.V1.Test\Tyuiu.AroyanAV.Sprint1.Task1.V1.Test.csproj", "{9FD850C5-6045-49D5-8DDD-6B45D26F0245}"
EndProject
Project("{2150E333-8FDC-42A3-9474-1A3956D46DE8}") = "Task2", "Task2", "{55CC4774-9DB2-4724-977A-1F2976828BE7}"
EndProject
Project("{FAE04EC0-301F-11D3-BF4B-00C04F79EFBC}") = "Tyuiu.AroyanAV.Sprint1.Task2.V26", "Tyuiu.AroyanAV.Sprint1.Task2.V26\Tyuiu.AroyanAV.Sprint1.Task2.V26.csproj", "{2482BA17-1B65-49E3-A3AB-5A90502C265F}"
EndProject
Project("{FAE04EC0-301F-11D3-BF4B-00C04F79EFBC}") = "Tyuiu.AroyanAV.Sprint1.Task2.V26.Lib", "Tyuiu.AroyanAV.Sprint1.Task2.V26.Lib\Tyuiu.AroyanAV.Sprint1.Task2.V26.Lib.csproj", "{53A73CEA-67A7-4583-8418-B9BA225732C2}"
EndProject
Project("{FAE04EC0-301F-11D3-BF4B-00C04F79EFBC}") = "Tyuiu.AroyanAV.Sprint1.Task2.V26.Test", "Tyuiu.AroyanAV.Sprint1.Task2.V26.Test\Tyuiu.AroyanAV.Sprint1.Task2.V26.Test.csproj", "{2CA871A7-F8CD-47A2-92A9-3F7D0E2AE9EB}"
EndProject
Project("{2150E333-8FDC-42A3-9474-1A3956D46DE8}") = "Task3", "Task3", "{A4388D58-C063-459B-86F5-8A0ABB2BD293}"
EndProject
Project("{FAE04EC0-301F-11D3-BF4B-00C04F79EFBC}") = "Tyuiu.AroyanAV.Sprint1.Task3.V3", "Tyuiu.AroyanAV.Sprint1.Task3.V3\Tyuiu.AroyanAV.Sprint1.Task3.V3.csproj", "{459EDB52-C2AF-4419-BE49-82C9227C17EE}"
EndProject
Project("{FAE04EC0-301F-11D3-BF4B-00C04F79EFBC}") = "Tyuiu.AroyanAV.Sprint1.Task3.V3.Lib", "Tyuiu.AroyanAV.Sprint1.Task3.V3.Lib\Tyuiu.AroyanAV.Sprint1.Task3.V3.Lib.csproj", "{7667C307-63E6-4CEE-9B50-43032FEA576A}"
EndProject
Project("{FAE04EC0-301F-11D3-BF4B-00C04F79EFBC}") = "Tyuiu.AroyanAV.Sprint1.Task3.V3.Test", "Tyuiu.AroyanAV.Sprint1.Task3.V3.Test\Tyuiu.AroyanAV.Sprint1.Task3.V3.Test.csproj", "{DAD681E0-E7BE-42E4-9546-9FD9545AC008}"
EndProject
Project("{2150E333-8FDC-42A3-9474-1A3956D46DE8}") = "Task4", "Task4", "{FC8B3AB1-BC24-4546-AE86-6F074541F0C5}"
EndProject
Project("{FAE04EC0-301F-11D3-BF4B-00C04F79EFBC}") = "Tyuiu.AroyanAV.Sprint1.Task4.V13", "Tyuiu.AroyanAV.Sprint1.Task4.V13\Tyuiu.AroyanAV.Sprint1.Task4.V13.csproj", "{7EA87F5F-B56A-49D8-A5A3-8082D8B81075}"
EndProject
Project("{FAE04EC0-301F-11D3-BF4B-00C04F79EFBC}") = "Tyuiu.AroyanAV.Sprint1.Task4.V13.Lib", "Tyuiu.AroyanAV.Sprint1.Task4.V13.Lib\Tyuiu.AroyanAV.Sprint1.Task4.V13.Lib.csproj", "{FFDF7599-0726-409D-871C-B24B4545DABA}"
EndProject
Project("{FAE04EC0-301F-11D3-BF4B-00C04F79EFBC}") = "Tyuiu.AroyanAV.Sprint1.Task4.V13.Test", "Tyuiu.AroyanAV.Sprint1.Task4.V13.Test\Tyuiu.AroyanAV.Sprint1.Task4.V13.Test.csproj", "{D91194FA-A437-462F-9534-9D4A686439F1}"
EndProject
Project("{2150E333-8FDC-42A3-9474-1A3956D46DE8}") = "Task5", "Task5", "{582277C3-FF1C-4EFB-8D04-08FC264F9A5B}"
EndProject
Project("{FAE04EC0-301F-11D3-BF4B-00C04F79EFBC}") = "Tyuiu.AroyanAV.Sprint1.Task5.V1", "Tyuiu.AroyanAV.Sprint1.Task5.V1\Tyuiu.AroyanAV.Sprint1.Task5.V1.csproj", "{C6DC1AAF-8065-4EFF-8700-7BBB6C388686}"
EndProject
Project("{FAE04EC0-301F-11D3-BF4B-00C04F79EFBC}") = "Tyuiu.AroyanAV.Sprint1.Task5.V1.Lib", "Tyuiu.AroyanAV.Sprint1.Task5.V1.Lib\Tyuiu.AroyanAV.Sprint1.Task5.V1.Lib.csproj", "{92CAC550-7977-4C72-B533-B8C8A2585B52}"
EndProject
Project("{FAE04EC0-301F-11D3-BF4B-00C04F79EFBC}") = "Tyuiu.AroyanAV.Sprint1.Task5.V1.Test", "Tyuiu.AroyanAV.Sprint1.Task5.V1.Test\Tyuiu.AroyanAV.Sprint1.Task5.V1.Test.csproj", "{559FBA9A-B15B-4C7F-A2E0-A225E1EA4AEF}"
EndProject
Project("{2150E333-8FDC-42A3-9474-1A3956D46DE8}") = "Task6", "Task6", "{08E9024B-ACAA-4F65-8A0B-E6D45F98DCB7}"
EndProject
Project("{FAE04EC0-301F-11D3-BF4B-00C04F79EFBC}") = "Tyuiu.AroyanAV.Sprint1.Task6.V12", "Tyuiu.AroyanAV.Sprint1.Task6.V12\Tyuiu.AroyanAV.Sprint1.Task6.V12.csproj", "{635A851D-B6EB-4794-BEC0-E19DD7B2CA5A}"
EndProject
Project("{FAE04EC0-301F-11D3-BF4B-00C04F79EFBC}") = "Tyuiu.AroyanAV.Sprint1.Task6.V12.Lib", "Tyuiu.AroyanAV.Sprint1.Task6.V12.Lib\Tyuiu.AroyanAV.Sprint1.Task6.V12.Lib.csproj", "{8A063645-B8E6-4C49-93B5-92A4A49F9A49}"
EndProject
Project("{FAE04EC0-301F-11D3-BF4B-00C04F79EFBC}") = "Tyuiu.AroyanAV.Sprint1.Task6.V12.Test", "Tyuiu.AroyanAV.Sprint1.Task6.V12.Test\Tyuiu.AroyanAV.Sprint1.Task6.V12.Test.csproj", "{3C5C9C88-101C-4E7A-9FBC-E2A6FB665078}"
EndProject
Project("{2150E333-8FDC-42A3-9474-1A3956D46DE8}") = "Task7", "Task7", "{536C117B-17C1-4018-97F6-AA750D2ECC9F}"
EndProject
Project("{FAE04EC0-301F-11D3-BF4B-00C04F79EFBC}") = "Tyuiu.AroyanAV.Sprint1.Task7.V9", "Tyuiu.AroyanAV.Sprint1.Task7.V9\Tyuiu.AroyanAV.Sprint1.Task7.V9.csproj", "{9ACE921F-AB3D-43BC-911C-80D31A551683}"
EndProject
Project("{FAE04EC0-301F-11D3-BF4B-00C04F79EFBC}") = "Tyuiu.AroyanAV.Sprint1.Task7.V9.Lib", "Tyuiu.AroyanAV.Sprint1.Task7.V9.Lib\Tyuiu.AroyanAV.Sprint1.Task7.V9.Lib.csproj", "{ED7D132B-9412-4F95-8BBB-D452F02D4190}"
EndProject
Project("{FAE04EC0-301F-11D3-BF4B-00C04F79EFBC}") = "Tyuiu.AroyanAV.Sprint1.Task7.V9.Test", "Tyuiu.AroyanAV.Sprint1.Task7.V9.Test\Tyuiu.AroyanAV.Sprint1.Task7.V9.Test.csproj", "{9022EBB9-9F3E-4AB7-9941-EB22CBFA35FC}"
EndProject
Global
	GlobalSection(SolutionConfigurationPlatforms) = preSolution
		Debug|Any CPU = Debug|Any CPU
		Release|Any CPU = Release|Any CPU
	EndGlobalSection
	GlobalSection(ProjectConfigurationPlatforms) = postSolution
		{CBD3DA1A-8BAA-4390-B770-936D2C53E5F2}.Debug|Any CPU.ActiveCfg = Debug|Any CPU
		{CBD3DA1A-8BAA-4390-B770-936D2C53E5F2}.Debug|Any CPU.Build.0 = Debug|Any CPU
		{CBD3DA1A-8BAA-4390-B770-936D2C53E5F2}.Release|Any CPU.ActiveCfg = Release|Any CPU
		{CBD3DA1A-8BAA-4390-B770-936D2C53E5F2}.Release|Any CPU.Build.0 = Release|Any CPU
		{314D225E-9158-416E-AE81-D0322C7F398F}.Debug|Any CPU.ActiveCfg = Debug|Any CPU
		{314D225E-9158-416E-AE81-D0322C7F398F}.Debug|Any CPU.Build.0 = Debug|Any CPU
		{314D225E-9158-416E-AE81-D0322C7F398F}.Release|Any CPU.ActiveCfg = Release|Any CPU
		{314D225E-9158-416E-AE81-D0322C7F398F}.Release|Any CPU.Build.0 = Release|Any CPU
		{11CFDD51-2502-4CB0-B259-274524931A8C}.Debug|Any CPU.ActiveCfg = Debug|Any CPU
		{11CFDD51-2502-4CB0-B259-274524931A8C}.Debug|Any CPU.Build.0 = Debug|Any CPU
		{11CFDD51-2502-4CB0-B259-274524931A8C}.Release|Any CPU.ActiveCfg = Release|Any CPU
		{11CFDD51-2502-4CB0-B259-274524931A8C}.Release|Any CPU.Build.0 = Release|Any CPU
		{02796455-0743-4D33-B0C0-C230C0FB60D6}.Debug|Any CPU.ActiveCfg = Debug|Any CPU
		{02796455-0743-4D33-B0C0-C230C0FB60D6}.Debug|Any CPU.Build.0 = Debug|Any CPU
		{02796455-0743-4D33-B0C0-C230C0FB60D6}.Release|Any CPU.ActiveCfg = Release|Any CPU
		{02796455-0743-4D33-B0C0-C230C0FB60D6}.Release|Any CPU.Build.0 = Release|Any CPU
		{1F63D4B4-3F2C-4D7F-9F4F-AC2BD76D826E}.Debug|Any CPU.ActiveCfg = Debug|Any CPU
		{1F63D4B4-3F2C-4D7F-9F4F-AC2BD76D826E}.Debug|Any CPU.Build.0 = Debug|Any CPU
		{1F63D4B4-3F2C-4D7F-9F4F-AC2BD76D826E}.Release|Any CPU.ActiveCfg = Release|Any CPU
		{1F63D4B4-3F2C-4D7F-9F4F-AC2BD76D826E}.Release|Any CPU.Build.0 = Release|Any CPU
		{9FD850C5-6045-49D5-8DDD-6B45D26F0245}.Debug|Any CPU.ActiveCfg = Debug|Any CPU
		{9FD850C5-6045-49D5-8DDD-6B45D26F0245}.Debug|Any CPU.Build.0 = Debug|Any CPU
		{9FD850C5-6045-49D5-8DDD-6B45D26F0245}.Release|Any CPU.ActiveCfg = Release|Any CPU
		{9FD850C5-6045-49D5-8DDD-6B45D26F0245}.Release|Any CPU.Build.0 = Release|Any CPU
		{2482BA17-1B65-49E3-A3AB-5A90502C265F}.Debug|Any CPU.ActiveCfg = Debug|Any CPU
		{2482BA17-1B65-49E3-A3AB-5A90502C265F}.Debug|Any CPU.Build.0 = Debug|Any CPU
		{2482BA17-1B65-49E3-A3AB-5A90502C265F}.Release|Any CPU.ActiveCfg = Release|Any CPU
		{2482BA17-1B65-49E3-A3AB-5A90502C265F}.Release|Any CPU.Build.0 = Release|Any CPU
		{53A73CEA-67A7-4583-8418-B9BA225732C2}.Debug|Any CPU.ActiveCfg = Debug|Any CPU
		{53A73CEA-67A7-4583-8418-B9BA225732C2}.Debug|Any CPU.Build.0 = Debug|Any CPU
		{53A73CEA-67A7-4583-8418-B9BA225732C2}.Release|Any CPU.ActiveCfg = Release|Any CPU
		{53A73CEA-67A7-4583-8418-B9BA225732C2}.Release|Any CPU.Build.0 = Release|Any CPU
		{2CA871A7-F8CD-47A2-92A9-3F7D0E2AE9EB}.Debug|Any CPU.ActiveCfg = Debug|Any CPU
		{2CA871A7-F8CD-47A2-92A9-3F7D0E2AE9EB}.Debug|Any CPU.Build.0 = Debug|Any CPU
		{2CA871A7-F8CD-47A2-92A9-3F7D0E2AE9EB}.Release|Any CPU.ActiveCfg = Release|Any CPU
		{2CA871A7-F8CD-47A2-92A9-3F7D0E2AE9EB}.Release|Any CPU.Build.0 = Release|Any CPU
		{459EDB52-C2AF-4419-BE49-82C9227C17EE}.Debug|Any CPU.ActiveCfg = Debug|Any CPU
		{459EDB52-C2AF-4419-BE49-82C9227C17EE}.Debug|Any CPU.Build.0 = Debug|Any CPU
		{459EDB52-C2AF-4419-BE49-82C9227C17EE}.Release|Any CPU.ActiveCfg = Release|Any CPU
		{459EDB52-C2AF-4419-BE49-82C9227C17EE}.Release|Any CPU.Build.0 = Release|Any CPU
		{7667C307-63E6-4CEE-9B50-43032FEA576A}.Debug|Any CPU.ActiveCfg = Debug|Any CPU
		{7667C307-63E6-4CEE-9B50-43032FEA576A}.Debug|Any CPU.Build.0 = Debug|Any CPU
		{7667C307-63E6-4CEE-9B50-43032FEA576A}.Release|Any CPU.ActiveCfg = Release|Any CPU
		{7667C307-63E6-4CEE-9B50-43032FEA576A}.Release|Any CPU.Build.0 = Release|Any CPU
		{DAD681E0-E7BE-42E4-9546-9FD9545AC008}.Debug|Any CPU.ActiveCfg = Debug|Any CPU
		{DAD681E0-E7BE-42E4-9546-9FD9545AC008}.Debug|Any CPU.Build.0 = Debug|Any CPU
		{DAD681E0-E7BE-42E4-9546-9FD9545AC008}.Release|Any CPU.ActiveCfg = Release|Any CPU
		{DAD681E0-E7BE-42E4-9546-9FD9545AC008}.Release|Any CPU.Build.0 = Release|Any CPU
		{7EA87F5F-B56A-49D8-A5A3-8082D8B81075}.Debug|Any CPU.ActiveCfg = Debug|Any CPU
		{7EA87F5F-B56A-49D8-A5A3-8082D8B81075}.Debug|Any CPU.Build.0 = Debug|Any CPU
		{7EA87F5F-B56A-49D8-A5A3-8082D8B81075}.Release|Any CPU.ActiveCfg = Release|Any CPU
		{7EA87F5F-B56A-49D8-A5A3-8082D8B81075}.Release|Any CPU.Build.0 = Release|Any CPU
		{FFDF7599-0726-409D-871C-B24B4545DABA}.Debug|Any CPU.ActiveCfg = Debug|Any CPU
		{FFDF7599-0726-409D-871C-B24B4545DABA}.Debug|Any CPU.Build.0 = Debug|Any CPU
		{FFDF7599-0726-409D-871C-B24B4545DABA}.Release|Any CPU.ActiveCfg = Release|Any CPU
		{FFDF7599-0726-409D-871C-B24B4545DABA}.Release|Any CPU.Build.0 = Release|Any CPU
		{D91194FA-A437-462F-9534-9D4A686439F1}.Debug|Any CPU.ActiveCfg = Debug|Any CPU
		{D91194FA-A437-462F-9534-9D4A686439F1}.Debug|Any CPU.Build.0 = Debug|Any CPU
		{D91194FA-A437-462F-9534-9D4A686439F1}.Release|Any CPU.ActiveCfg = Release|Any CPU
		{D91194FA-A437-462F-9534-9D4A686439F1}.Release|Any CPU.Build.0 = Release|Any CPU
		{C6DC1AAF-8065-4EFF-8700-7BBB6C388686}.Debug|Any CPU.ActiveCfg = Debug|Any CPU
		{C6DC1AAF-8065-4EFF-8700-7BBB6C388686}.Debug|Any CPU.Build.0 = Debug|Any CPU
		{C6DC1AAF-8065-4EFF-8700-7BBB6C388686}.Release|Any CPU.ActiveCfg = Release|Any CPU
		{C6DC1AAF-8065-4EFF-8700-7BBB6C388686}.Release|Any CPU.Build.0 = Release|Any CPU
		{92CAC550-7977-4C72-B533-B8C8A2585B52}.Debug|Any CPU.ActiveCfg = Debug|Any CPU
		{92CAC550-7977-4C72-B533-B8C8A2585B52}.Debug|Any CPU.Build.0 = Debug|Any CPU
		{92CAC550-7977-4C72-B533-B8C8A2585B52}.Release|Any CPU.ActiveCfg = Release|Any CPU
		{92CAC550-7977-4C72-B533-B8C8A2585B52}.Release|Any CPU.Build.0 = Release|Any CPU
		{559FBA9A-B15B-4C7F-A2E0-A225E1EA4AEF}.Debug|Any CPU.ActiveCfg = Debug|Any CPU
		{559FBA9A-B15B-4C7F-A2E0-A225E1EA4AEF}.Debug|Any CPU.Build.0 = Debug|Any CPU
		{559FBA9A-B15B-4C7F-A2E0-A225E1EA4AEF}.Release|Any CPU.ActiveCfg = Release|Any CPU
		{559FBA9A-B15B-4C7F-A2E0-A225E1EA4AEF}.Release|Any CPU.Build.0 = Release|Any CPU
		{635A851D-B6EB-4794-BEC0-E19DD7B2CA5A}.Debug|Any CPU.ActiveCfg = Debug|Any CPU
		{635A851D-B6EB-4794-BEC0-E19DD7B2CA5A}.Debug|Any CPU.Build.0 = Debug|Any CPU
		{635A851D-B6EB-4794-BEC0-E19DD7B2CA5A}.Release|Any CPU.ActiveCfg = Release|Any CPU
		{635A851D-B6EB-4794-BEC0-E19DD7B2CA5A}.Release|Any CPU.Build.0 = Release|Any CPU
		{8A063645-B8E6-4C49-93B5-92A4A49F9A49}.Debug|Any CPU.ActiveCfg = Debug|Any CPU
		{8A063645-B8E6-4C49-93B5-92A4A49F9A49}.Debug|Any CPU.Build.0 = Debug|Any CPU
		{8A063645-B8E6-4C49-93B5-92A4A49F9A49}.Release|Any CPU.ActiveCfg = Release|Any CPU
		{8A063645-B8E6-4C49-93B5-92A4A49F9A49}.Release|Any CPU.Build.0 = Release|Any CPU
		{3C5C9C88-101C-4E7A-9FBC-E2A6FB665078}.Debug|Any CPU.ActiveCfg = Debug|Any CPU
		{3C5C9C88-101C-4E7A-9FBC-E2A6FB665078}.Debug|Any CPU.Build.0 = Debug|Any CPU
		{3C5C9C88-101C-4E7A-9FBC-E2A6FB665078}.Release|Any CPU.ActiveCfg = Release|Any CPU
		{3C5C9C88-101C-4E7A-9FBC-E2A6FB665078}.Release|Any CPU.Build.0 = Release|Any CPU
		{9ACE921F-AB3D-43BC-911C-80D31A551683}.Debug|Any CPU.ActiveCfg = Debug|Any CPU
		{9ACE921F-AB3D-43BC-911C-80D31A551683}.Debug|Any CPU.Build.0 = Debug|Any CPU
		{9ACE921F-AB3D-43BC-911C-80D31A551683}.Release|Any CPU.ActiveCfg = Release|Any CPU
		{9ACE921F-AB3D-43BC-911C-80D31A551683}.Release|Any CPU.Build.0 = Release|Any CPU
		{ED7D132B-9412-4F95-8BBB-D452F02D4190}.Debug|Any CPU.ActiveCfg = Debug|Any CPU
		{ED7D132B-9412-4F95-8BBB-D452F02D4190}.Debug|Any CPU.Build.0 = Debug|Any CPU
		{ED7D132B-9412-4F95-8BBB-D452F02D4190}.Release|Any CPU.ActiveCfg = Release|Any CPU
		{ED7D132B-9412-4F95-8BBB-D452F02D4190}.Release|Any CPU.Build.0 = Release|Any CPU
		{9022EBB9-9F3E-4AB7-9941-EB22CBFA35FC}.Debug|Any CPU.ActiveCfg = Debug|Any CPU
		{9022EBB9-9F3E-4AB7-9941-EB22CBFA35FC}.Debug|Any CPU.Build.0 = Debug|Any CPU
		{9022EBB9-9F3E-4AB7-9941-EB22CBFA35FC}.Release|Any CPU.ActiveCfg = Release|Any CPU
		{9022EBB9-9F3E-4AB7-9941-EB22CBFA35FC}.Release|Any CPU.Build.0 = Release|Any CPU
	EndGlobalSection
	GlobalSection(SolutionProperties) = preSolution
		HideSolutionNode = FALSE
	EndGlobalSection
	GlobalSection(NestedProjects) = preSolution
		{CBD3DA1A-8BAA-4390-B770-936D2C53E5F2} = {02EA681E-C7D8-13C7-8484-4AC65E1B71E8}
		{314D225E-9158-416E-AE81-D0322C7F398F} = {02EA681E-C7D8-13C7-8484-4AC65E1B71E8}
		{11CFDD51-2502-4CB0-B259-274524931A8C} = {02EA681E-C7D8-13C7-8484-4AC65E1B71E8}
		{02796455-0743-4D33-B0C0-C230C0FB60D6} = {A4FBC889-5DB9-476C-B93A-A405B3B6F040}
		{1F63D4B4-3F2C-4D7F-9F4F-AC2BD76D826E} = {A4FBC889-5DB9-476C-B93A-A405B3B6F040}
		{9FD850C5-6045-49D5-8DDD-6B45D26F0245} = {A4FBC889-5DB9-476C-B93A-A405B3B6F040}
		{2482BA17-1B65-49E3-A3AB-5A90502C265F} = {55CC4774-9DB2-4724-977A-1F2976828BE7}
		{53A73CEA-67A7-4583-8418-B9BA225732C2} = {55CC4774-9DB2-4724-977A-1F2976828BE7}
		{2CA871A7-F8CD-47A2-92A9-3F7D0E2AE9EB} = {55CC4774-9DB2-4724-977A-1F2976828BE7}
		{459EDB52-C2AF-4419-BE49-82C9227C17EE} = {A4388D58-C063-459B-86F5-8A0ABB2BD293}
		{7667C307-63E6-4CEE-9B50-43032FEA576A} = {A4388D58-C063-459B-86F5-8A0ABB2BD293}
		{DAD681E0-E7BE-42E4-9546-9FD9545AC008} = {A4388D58-C063-459B-86F5-8A0ABB2BD293}
		{7EA87F5F-B56A-49D8-A5A3-8082D8B81075} = {FC8B3AB1-BC24-4546-AE86-6F074541F0C5}
		{FFDF7599-0726-409D-871C-B24B4545DABA} = {FC8B3AB1-BC24-4546-AE86-6F074541F0C5}
		{D91194FA-A437-462F-9534-9D4A686439F1} = {FC8B3AB1-BC24-4546-AE86-6F074541F0C5}
		{C6DC1AAF-8065-4EFF-8700-7BBB6C388686} = {582277C3-FF1C-4EFB-8D04-08FC264F9A5B}
		{92CAC550-7977-4C72-B533-B8C8A2585B52} = {582277C3-FF1C-4EFB-8D04-08FC264F9A5B}
		{559FBA9A-B15B-4C7F-A2E0-A225E1EA4AEF} = {582277C3-FF1C-4EFB-8D04-08FC264F9A5B}
		{635A851D-B6EB-4794-BEC0-E19DD7B2CA5A} = {08E9024B-ACAA-4F65-8A0B-E6D45F98DCB7}
		{8A063645-B8E6-4C49-93B5-92A4A49F9A49} = {08E9024B-ACAA-4F65-8A0B-E6D45F98DCB7}
		{3C5C9C88-101C-4E7A-9FBC-E2A6FB665078} = {08E9024B-ACAA-4F65-8A0B-E6D45F98DCB7}
		{9ACE921F-AB3D-43BC-911C-80D31A551683} = {536C117B-17C1-4018-97F6-AA750D2ECC9F}
		{ED7D132B-9412-4F95-8BBB-D452F02D4190} = {536C117B-17C1-4018-97F6-AA750D2ECC9F}
		{9022EBB9-9F3E-4AB7-9941-EB22CBFA35FC} = {536C117B-17C1-4018-97F6-AA750D2ECC9F}
	EndGlobalSection
	GlobalSection(ExtensibilityGlobals) = postSolution
		SolutionGuid = {575E03E8-BAD4-4327-BE79-4BE58942BCB3}
	EndGlobalSection
EndGlobal
